// !$*UTF8*$!
{
	archiveVersion = 1;
	classes = {
	};
	objectVersion = 56;
	objects = {

/* Begin PBXBuildFile section */
		BC0CD9AC2B73E11F00252F81 /* AuthConfiguration.swift in Sources */ = {isa = PBXBuildFile; fileRef = BC0CD9AB2B73E11E00252F81 /* AuthConfiguration.swift */; };
		BC1223CB2B77A47A0084F702 /* WebViewViewController.swift in Sources */ = {isa = PBXBuildFile; fileRef = BC1223CA2B77A47A0084F702 /* WebViewViewController.swift */; };
		BC2FD1A62B62BC4800EB39BA /* SingleImageViewController.swift in Sources */ = {isa = PBXBuildFile; fileRef = BC2FD1A52B62BC4800EB39BA /* SingleImageViewController.swift */; };
		BC323E522B5F919100F034EA /* ProfileViewController.swift in Sources */ = {isa = PBXBuildFile; fileRef = BC323E512B5F919100F034EA /* ProfileViewController.swift */; };
		BC338A242BA004E4007BC50C /* ImagesListService.swift in Sources */ = {isa = PBXBuildFile; fileRef = BC338A232BA004E4007BC50C /* ImagesListService.swift */; };
		BC338A282BA00BA1007BC50C /* PhotoResult.swift in Sources */ = {isa = PBXBuildFile; fileRef = BC338A272BA00BA1007BC50C /* PhotoResult.swift */; };
		BC338A2A2BA01925007BC50C /* Photo.swift in Sources */ = {isa = PBXBuildFile; fileRef = BC338A292BA01925007BC50C /* Photo.swift */; };
		BC340B382B489926008780C8 /* AppDelegate.swift in Sources */ = {isa = PBXBuildFile; fileRef = BC340B372B489926008780C8 /* AppDelegate.swift */; };
		BC340B3A2B489926008780C8 /* SceneDelegate.swift in Sources */ = {isa = PBXBuildFile; fileRef = BC340B392B489926008780C8 /* SceneDelegate.swift */; };
		BC340B3C2B489926008780C8 /* ImagesListViewController.swift in Sources */ = {isa = PBXBuildFile; fileRef = BC340B3B2B489926008780C8 /* ImagesListViewController.swift */; };
		BC340B3F2B489926008780C8 /* Main.storyboard in Resources */ = {isa = PBXBuildFile; fileRef = BC340B3D2B489926008780C8 /* Main.storyboard */; };
		BC340B412B489928008780C8 /* Assets.xcassets in Resources */ = {isa = PBXBuildFile; fileRef = BC340B402B489928008780C8 /* Assets.xcassets */; };
		BC340B442B489928008780C8 /* LaunchScreen.storyboard in Resources */ = {isa = PBXBuildFile; fileRef = BC340B422B489928008780C8 /* LaunchScreen.storyboard */; };
		BC35353A2BA42E2F00D3567F /* ImagesListCellDelegate.swift in Sources */ = {isa = PBXBuildFile; fileRef = BC3535392BA42E2F00D3567F /* ImagesListCellDelegate.swift */; };
		BC35353C2BA4490000D3567F /* SinglePhotoDecoder.swift in Sources */ = {isa = PBXBuildFile; fileRef = BC35353B2BA4490000D3567F /* SinglePhotoDecoder.swift */; };
		BC35353E2BA47E7E00D3567F /* ProfileLogoutService.swift in Sources */ = {isa = PBXBuildFile; fileRef = BC35353D2BA47E7E00D3567F /* ProfileLogoutService.swift */; };
		BC4393CF2B83E22A00AD96F5 /* SplashViewController.swift in Sources */ = {isa = PBXBuildFile; fileRef = BC4393CE2B83E22A00AD96F5 /* SplashViewController.swift */; };
		BC76432E2BB1B014007A9C31 /* AuthHelper.swift in Sources */ = {isa = PBXBuildFile; fileRef = BC76432D2BB1B014007A9C31 /* AuthHelper.swift */; };
		BC83046A2BB2250000CE817B /* ProfileProtocols.swift in Sources */ = {isa = PBXBuildFile; fileRef = BC8304692BB2250000CE817B /* ProfileProtocols.swift */; };
		BC83046D2BB225AC00CE817B /* ProfilePresenter.swift in Sources */ = {isa = PBXBuildFile; fileRef = BC83046C2BB225AC00CE817B /* ProfilePresenter.swift */; };
		BC87DE6B2B83765A00AC8C19 /* OAuthTokenResponseBody.swift in Sources */ = {isa = PBXBuildFile; fileRef = BC87DE6A2B83765A00AC8C19 /* OAuthTokenResponseBody.swift */; };
		BC87DE6E2B8379EC00AC8C19 /* OAuth2Service.swift in Sources */ = {isa = PBXBuildFile; fileRef = BC87DE6D2B8379EC00AC8C19 /* OAuth2Service.swift */; };
		BC87DE702B8386E100AC8C19 /* OAuth2TokenStorage.swift in Sources */ = {isa = PBXBuildFile; fileRef = BC87DE6F2B8386E100AC8C19 /* OAuth2TokenStorage.swift */; };
		BCA435A82B98F97F00A8C541 /* SwiftKeychainWrapper in Frameworks */ = {isa = PBXBuildFile; productRef = BCA435A72B98F97F00A8C541 /* SwiftKeychainWrapper */; };
		BCA435AB2B991BCF00A8C541 /* TabBarController.swift in Sources */ = {isa = PBXBuildFile; fileRef = BCA435AA2B991BCF00A8C541 /* TabBarController.swift */; };
		BCA6475D2B8E8225003E21BC /* UIBlockingProgressHUD.swift in Sources */ = {isa = PBXBuildFile; fileRef = BCA6475C2B8E8225003E21BC /* UIBlockingProgressHUD.swift */; };
		BCAC5D802BB1F81F00E1401A /* WebViewTests.swift in Sources */ = {isa = PBXBuildFile; fileRef = BCAC5D7F2BB1F81F00E1401A /* WebViewTests.swift */; };
		BCAE633B2B911C3800C5B12E /* ProfileService.swift in Sources */ = {isa = PBXBuildFile; fileRef = BCAE633A2B911C3800C5B12E /* ProfileService.swift */; };
		BCAE633D2B91439E00C5B12E /* ProfileResult.swift in Sources */ = {isa = PBXBuildFile; fileRef = BCAE633C2B91439E00C5B12E /* ProfileResult.swift */; };
		BCAE633F2B91448A00C5B12E /* Profile.swift in Sources */ = {isa = PBXBuildFile; fileRef = BCAE633E2B91448A00C5B12E /* Profile.swift */; };
		BCAE63412B915E1E00C5B12E /* AlertPresenter.swift in Sources */ = {isa = PBXBuildFile; fileRef = BCAE63402B915E1E00C5B12E /* AlertPresenter.swift */; };
		BCAE63432B915F9B00C5B12E /* AlertModel.swift in Sources */ = {isa = PBXBuildFile; fileRef = BCAE63422B915F9B00C5B12E /* AlertModel.swift */; };
		BCB303AB2B9210F100408095 /* ProfileImageService.swift in Sources */ = {isa = PBXBuildFile; fileRef = BCB303AA2B9210F100408095 /* ProfileImageService.swift */; };
		BCB303AD2B92113A00408095 /* UserResult.swift in Sources */ = {isa = PBXBuildFile; fileRef = BCB303AC2B92113A00408095 /* UserResult.swift */; };
		BCB303B02B926C5300408095 /* Kingfisher in Frameworks */ = {isa = PBXBuildFile; productRef = BCB303AF2B926C5300408095 /* Kingfisher */; };
		BCB43F052BA74D7A0006D47C /* DateFormatManager.swift in Sources */ = {isa = PBXBuildFile; fileRef = BCB43F042BA74D7A0006D47C /* DateFormatManager.swift */; };
		BCCAB5482BAE0DD400EC015C /* AuthProtocols.swift in Sources */ = {isa = PBXBuildFile; fileRef = BCCAB5472BAE0DD400EC015C /* AuthProtocols.swift */; };
		BCCAB54A2BAE0E0000EC015C /* WebViewPresenter.swift in Sources */ = {isa = PBXBuildFile; fileRef = BCCAB5492BAE0E0000EC015C /* WebViewPresenter.swift */; };
		BCD7F4DA2B8BB7CC00310AA6 /* ProgressHUD in Frameworks */ = {isa = PBXBuildFile; productRef = BCD7F4D92B8BB7CC00310AA6 /* ProgressHUD */; };
		BCDFF33E2B762CFD00B99B7D /* AuthViewController.swift in Sources */ = {isa = PBXBuildFile; fileRef = BCDFF33D2B762CFD00B99B7D /* AuthViewController.swift */; };
		BCE232C82B57BEE30006483E /* ImagesListCell.swift in Sources */ = {isa = PBXBuildFile; fileRef = BCE232C72B57BEE30006483E /* ImagesListCell.swift */; };
/* End PBXBuildFile section */

/* Begin PBXContainerItemProxy section */
		BCAC5D812BB1F81F00E1401A /* PBXContainerItemProxy */ = {
			isa = PBXContainerItemProxy;
			containerPortal = BC340B2C2B489926008780C8 /* Project object */;
			proxyType = 1;
			remoteGlobalIDString = BC340B332B489926008780C8;
			remoteInfo = ImageFeed;
		};
/* End PBXContainerItemProxy section */

/* Begin PBXFileReference section */
		BC0CD9AB2B73E11E00252F81 /* AuthConfiguration.swift */ = {isa = PBXFileReference; lastKnownFileType = sourcecode.swift; path = AuthConfiguration.swift; sourceTree = "<group>"; };
		BC1223CA2B77A47A0084F702 /* WebViewViewController.swift */ = {isa = PBXFileReference; lastKnownFileType = sourcecode.swift; path = WebViewViewController.swift; sourceTree = "<group>"; };
		BC2FD1A52B62BC4800EB39BA /* SingleImageViewController.swift */ = {isa = PBXFileReference; lastKnownFileType = sourcecode.swift; path = SingleImageViewController.swift; sourceTree = "<group>"; };
		BC323E512B5F919100F034EA /* ProfileViewController.swift */ = {isa = PBXFileReference; lastKnownFileType = sourcecode.swift; path = ProfileViewController.swift; sourceTree = "<group>"; };
		BC338A232BA004E4007BC50C /* ImagesListService.swift */ = {isa = PBXFileReference; lastKnownFileType = sourcecode.swift; path = ImagesListService.swift; sourceTree = "<group>"; };
		BC338A272BA00BA1007BC50C /* PhotoResult.swift */ = {isa = PBXFileReference; lastKnownFileType = sourcecode.swift; path = PhotoResult.swift; sourceTree = "<group>"; };
		BC338A292BA01925007BC50C /* Photo.swift */ = {isa = PBXFileReference; lastKnownFileType = sourcecode.swift; path = Photo.swift; sourceTree = "<group>"; };
		BC340B342B489926008780C8 /* ImageFeed.app */ = {isa = PBXFileReference; explicitFileType = wrapper.application; includeInIndex = 0; path = ImageFeed.app; sourceTree = BUILT_PRODUCTS_DIR; };
		BC340B372B489926008780C8 /* AppDelegate.swift */ = {isa = PBXFileReference; lastKnownFileType = sourcecode.swift; path = AppDelegate.swift; sourceTree = "<group>"; };
		BC340B392B489926008780C8 /* SceneDelegate.swift */ = {isa = PBXFileReference; lastKnownFileType = sourcecode.swift; path = SceneDelegate.swift; sourceTree = "<group>"; };
		BC340B3B2B489926008780C8 /* ImagesListViewController.swift */ = {isa = PBXFileReference; lastKnownFileType = sourcecode.swift; path = ImagesListViewController.swift; sourceTree = "<group>"; };
		BC340B3E2B489926008780C8 /* Base */ = {isa = PBXFileReference; lastKnownFileType = file.storyboard; name = Base; path = Base.lproj/Main.storyboard; sourceTree = "<group>"; };
		BC340B402B489928008780C8 /* Assets.xcassets */ = {isa = PBXFileReference; lastKnownFileType = folder.assetcatalog; path = Assets.xcassets; sourceTree = "<group>"; };
		BC340B432B489928008780C8 /* Base */ = {isa = PBXFileReference; lastKnownFileType = file.storyboard; name = Base; path = Base.lproj/LaunchScreen.storyboard; sourceTree = "<group>"; };
		BC340B452B489928008780C8 /* Info.plist */ = {isa = PBXFileReference; lastKnownFileType = text.plist.xml; path = Info.plist; sourceTree = "<group>"; };
		BC3535392BA42E2F00D3567F /* ImagesListCellDelegate.swift */ = {isa = PBXFileReference; lastKnownFileType = sourcecode.swift; path = ImagesListCellDelegate.swift; sourceTree = "<group>"; };
		BC35353B2BA4490000D3567F /* SinglePhotoDecoder.swift */ = {isa = PBXFileReference; lastKnownFileType = sourcecode.swift; path = SinglePhotoDecoder.swift; sourceTree = "<group>"; };
		BC35353D2BA47E7E00D3567F /* ProfileLogoutService.swift */ = {isa = PBXFileReference; lastKnownFileType = sourcecode.swift; path = ProfileLogoutService.swift; sourceTree = "<group>"; };
		BC4393CE2B83E22A00AD96F5 /* SplashViewController.swift */ = {isa = PBXFileReference; lastKnownFileType = sourcecode.swift; path = SplashViewController.swift; sourceTree = "<group>"; };
		BC76432D2BB1B014007A9C31 /* AuthHelper.swift */ = {isa = PBXFileReference; lastKnownFileType = sourcecode.swift; path = AuthHelper.swift; sourceTree = "<group>"; };
		BC8304692BB2250000CE817B /* ProfileProtocols.swift */ = {isa = PBXFileReference; lastKnownFileType = sourcecode.swift; path = ProfileProtocols.swift; sourceTree = "<group>"; };
		BC83046C2BB225AC00CE817B /* ProfilePresenter.swift */ = {isa = PBXFileReference; lastKnownFileType = sourcecode.swift; path = ProfilePresenter.swift; sourceTree = "<group>"; };
		BC87DE6A2B83765A00AC8C19 /* OAuthTokenResponseBody.swift */ = {isa = PBXFileReference; lastKnownFileType = sourcecode.swift; path = OAuthTokenResponseBody.swift; sourceTree = "<group>"; };
		BC87DE6D2B8379EC00AC8C19 /* OAuth2Service.swift */ = {isa = PBXFileReference; lastKnownFileType = sourcecode.swift; path = OAuth2Service.swift; sourceTree = "<group>"; };
		BC87DE6F2B8386E100AC8C19 /* OAuth2TokenStorage.swift */ = {isa = PBXFileReference; lastKnownFileType = sourcecode.swift; path = OAuth2TokenStorage.swift; sourceTree = "<group>"; };
		BCA435AA2B991BCF00A8C541 /* TabBarController.swift */ = {isa = PBXFileReference; lastKnownFileType = sourcecode.swift; path = TabBarController.swift; sourceTree = "<group>"; };
		BCA6475C2B8E8225003E21BC /* UIBlockingProgressHUD.swift */ = {isa = PBXFileReference; lastKnownFileType = sourcecode.swift; path = UIBlockingProgressHUD.swift; sourceTree = "<group>"; };
		BCAC5D7D2BB1F81F00E1401A /* ImageFeedTests.xctest */ = {isa = PBXFileReference; explicitFileType = wrapper.cfbundle; includeInIndex = 0; path = ImageFeedTests.xctest; sourceTree = BUILT_PRODUCTS_DIR; };
		BCAC5D7F2BB1F81F00E1401A /* WebViewTests.swift */ = {isa = PBXFileReference; lastKnownFileType = sourcecode.swift; path = WebViewTests.swift; sourceTree = "<group>"; };
		BCAE633A2B911C3800C5B12E /* ProfileService.swift */ = {isa = PBXFileReference; lastKnownFileType = sourcecode.swift; path = ProfileService.swift; sourceTree = "<group>"; };
		BCAE633C2B91439E00C5B12E /* ProfileResult.swift */ = {isa = PBXFileReference; lastKnownFileType = sourcecode.swift; path = ProfileResult.swift; sourceTree = "<group>"; };
		BCAE633E2B91448A00C5B12E /* Profile.swift */ = {isa = PBXFileReference; lastKnownFileType = sourcecode.swift; path = Profile.swift; sourceTree = "<group>"; };
		BCAE63402B915E1E00C5B12E /* AlertPresenter.swift */ = {isa = PBXFileReference; lastKnownFileType = sourcecode.swift; path = AlertPresenter.swift; sourceTree = "<group>"; };
		BCAE63422B915F9B00C5B12E /* AlertModel.swift */ = {isa = PBXFileReference; lastKnownFileType = sourcecode.swift; path = AlertModel.swift; sourceTree = "<group>"; };
		BCB303AA2B9210F100408095 /* ProfileImageService.swift */ = {isa = PBXFileReference; lastKnownFileType = sourcecode.swift; path = ProfileImageService.swift; sourceTree = "<group>"; };
		BCB303AC2B92113A00408095 /* UserResult.swift */ = {isa = PBXFileReference; lastKnownFileType = sourcecode.swift; path = UserResult.swift; sourceTree = "<group>"; };
		BCB43F042BA74D7A0006D47C /* DateFormatManager.swift */ = {isa = PBXFileReference; lastKnownFileType = sourcecode.swift; path = DateFormatManager.swift; sourceTree = "<group>"; };
		BCCAB5472BAE0DD400EC015C /* AuthProtocols.swift */ = {isa = PBXFileReference; lastKnownFileType = sourcecode.swift; path = AuthProtocols.swift; sourceTree = "<group>"; };
		BCCAB5492BAE0E0000EC015C /* WebViewPresenter.swift */ = {isa = PBXFileReference; lastKnownFileType = sourcecode.swift; path = WebViewPresenter.swift; sourceTree = "<group>"; };
		BCDFF33D2B762CFD00B99B7D /* AuthViewController.swift */ = {isa = PBXFileReference; lastKnownFileType = sourcecode.swift; path = AuthViewController.swift; sourceTree = "<group>"; };
		BCE232C72B57BEE30006483E /* ImagesListCell.swift */ = {isa = PBXFileReference; lastKnownFileType = sourcecode.swift; path = ImagesListCell.swift; sourceTree = "<group>"; };
/* End PBXFileReference section */

/* Begin PBXFrameworksBuildPhase section */
		BC340B312B489926008780C8 /* Frameworks */ = {
			isa = PBXFrameworksBuildPhase;
			buildActionMask = 2147483647;
			files = (
				BCB303B02B926C5300408095 /* Kingfisher in Frameworks */,
				BCD7F4DA2B8BB7CC00310AA6 /* ProgressHUD in Frameworks */,
				BCA435A82B98F97F00A8C541 /* SwiftKeychainWrapper in Frameworks */,
			);
			runOnlyForDeploymentPostprocessing = 0;
		};
		BCAC5D7A2BB1F81F00E1401A /* Frameworks */ = {
			isa = PBXFrameworksBuildPhase;
			buildActionMask = 2147483647;
			files = (
			);
			runOnlyForDeploymentPostprocessing = 0;
		};
/* End PBXFrameworksBuildPhase section */

/* Begin PBXGroup section */
		BC340B2B2B489926008780C8 = {
			isa = PBXGroup;
			children = (
				BC340B362B489926008780C8 /* ImageFeed */,
				BCAC5D7E2BB1F81F00E1401A /* ImageFeedTests */,
				BC340B352B489926008780C8 /* Products */,
			);
			sourceTree = "<group>";
		};
		BC340B352B489926008780C8 /* Products */ = {
			isa = PBXGroup;
			children = (
				BC340B342B489926008780C8 /* ImageFeed.app */,
				BCAC5D7D2BB1F81F00E1401A /* ImageFeedTests.xctest */,
			);
			name = Products;
			sourceTree = "<group>";
		};
		BC340B362B489926008780C8 /* ImageFeed */ = {
			isa = PBXGroup;
			children = (
				BC8304682BB224DC00CE817B /* ProfileViewController */,
				BCA435A92B991BBA00A8C541 /* ViewControllers */,
				BC87DE6C2B8379B300AC8C19 /* Services */,
				BC87DE692B83761C00AC8C19 /* Models */,
				BCE232C92B57BF3A0006483E /* imageList */,
				BCDFF33F2B762DD300B99B7D /* Auth */,
				BC340B372B489926008780C8 /* AppDelegate.swift */,
				BC340B392B489926008780C8 /* SceneDelegate.swift */,
				BC340B3D2B489926008780C8 /* Main.storyboard */,
				BC340B402B489928008780C8 /* Assets.xcassets */,
				BC340B422B489928008780C8 /* LaunchScreen.storyboard */,
				BC340B452B489928008780C8 /* Info.plist */,
			);
			path = ImageFeed;
			sourceTree = "<group>";
		};
		BC8304682BB224DC00CE817B /* ProfileViewController */ = {
			isa = PBXGroup;
			children = (
				BC8304692BB2250000CE817B /* ProfileProtocols.swift */,
				BC323E512B5F919100F034EA /* ProfileViewController.swift */,
				BC83046C2BB225AC00CE817B /* ProfilePresenter.swift */,
			);
			path = ProfileViewController;
			sourceTree = "<group>";
		};
		BC87DE692B83761C00AC8C19 /* Models */ = {
			isa = PBXGroup;
			children = (
				BCB43F0A2BA758ED0006D47C /* PhotoDecoders */,
				BCB43F092BA758B60006D47C /* ProfileDecoders */,
				BCB43F0B2BA75AD40006D47C /* Common */,
				BC87DE6A2B83765A00AC8C19 /* OAuthTokenResponseBody.swift */,
			);
			path = Models;
			sourceTree = "<group>";
		};
		BC87DE6C2B8379B300AC8C19 /* Services */ = {
			isa = PBXGroup;
			children = (
				BCB43F072BA758450006D47C /* OAuth */,
				BCB43F062BA758240006D47C /* Profile */,
				BCB43F082BA7586C0006D47C /* Common */,
				BC338A232BA004E4007BC50C /* ImagesListService.swift */,
			);
			path = Services;
			sourceTree = "<group>";
		};
		BCA435A92B991BBA00A8C541 /* ViewControllers */ = {
			isa = PBXGroup;
			children = (
				BC4393CE2B83E22A00AD96F5 /* SplashViewController.swift */,
				BCA435AA2B991BCF00A8C541 /* TabBarController.swift */,
			);
			path = ViewControllers;
			sourceTree = "<group>";
		};
		BCAC5D7E2BB1F81F00E1401A /* ImageFeedTests */ = {
			isa = PBXGroup;
			children = (
				BCAC5D7F2BB1F81F00E1401A /* WebViewTests.swift */,
			);
			path = ImageFeedTests;
			sourceTree = "<group>";
		};
		BCB43F062BA758240006D47C /* Profile */ = {
			isa = PBXGroup;
			children = (
				BCAE633A2B911C3800C5B12E /* ProfileService.swift */,
				BCB303AA2B9210F100408095 /* ProfileImageService.swift */,
				BC35353D2BA47E7E00D3567F /* ProfileLogoutService.swift */,
			);
			path = Profile;
			sourceTree = "<group>";
		};
		BCB43F072BA758450006D47C /* OAuth */ = {
			isa = PBXGroup;
			children = (
				BC87DE6D2B8379EC00AC8C19 /* OAuth2Service.swift */,
				BC87DE6F2B8386E100AC8C19 /* OAuth2TokenStorage.swift */,
			);
			path = OAuth;
			sourceTree = "<group>";
		};
		BCB43F082BA7586C0006D47C /* Common */ = {
			isa = PBXGroup;
			children = (
				BCAE63402B915E1E00C5B12E /* AlertPresenter.swift */,
				BCA6475C2B8E8225003E21BC /* UIBlockingProgressHUD.swift */,
				BCB43F042BA74D7A0006D47C /* DateFormatManager.swift */,
			);
			path = Common;
			sourceTree = "<group>";
		};
		BCB43F092BA758B60006D47C /* ProfileDecoders */ = {
			isa = PBXGroup;
			children = (
				BCAE633E2B91448A00C5B12E /* Profile.swift */,
				BCAE633C2B91439E00C5B12E /* ProfileResult.swift */,
				BCB303AC2B92113A00408095 /* UserResult.swift */,
			);
			path = ProfileDecoders;
			sourceTree = "<group>";
		};
		BCB43F0A2BA758ED0006D47C /* PhotoDecoders */ = {
			isa = PBXGroup;
			children = (
				BC338A292BA01925007BC50C /* Photo.swift */,
				BC338A272BA00BA1007BC50C /* PhotoResult.swift */,
				BC35353B2BA4490000D3567F /* SinglePhotoDecoder.swift */,
			);
			path = PhotoDecoders;
			sourceTree = "<group>";
		};
		BCB43F0B2BA75AD40006D47C /* Common */ = {
			isa = PBXGroup;
			children = (
				BCAE63422B915F9B00C5B12E /* AlertModel.swift */,
				BC0CD9AB2B73E11E00252F81 /* AuthConfiguration.swift */,
			);
			path = Common;
			sourceTree = "<group>";
		};
		BCDFF33F2B762DD300B99B7D /* Auth */ = {
			isa = PBXGroup;
			children = (
				BCCAB5472BAE0DD400EC015C /* AuthProtocols.swift */,
				BC76432D2BB1B014007A9C31 /* AuthHelper.swift */,
				BCDFF33D2B762CFD00B99B7D /* AuthViewController.swift */,
				BC1223CA2B77A47A0084F702 /* WebViewViewController.swift */,
				BCCAB5492BAE0E0000EC015C /* WebViewPresenter.swift */,
			);
			path = Auth;
			sourceTree = "<group>";
		};
		BCE232C92B57BF3A0006483E /* imageList */ = {
			isa = PBXGroup;
			children = (
				BCE232C72B57BEE30006483E /* ImagesListCell.swift */,
				BC340B3B2B489926008780C8 /* ImagesListViewController.swift */,
				BC3535392BA42E2F00D3567F /* ImagesListCellDelegate.swift */,
				BC2FD1A52B62BC4800EB39BA /* SingleImageViewController.swift */,
			);
			path = imageList;
			sourceTree = "<group>";
		};
/* End PBXGroup section */

/* Begin PBXNativeTarget section */
		BC340B332B489926008780C8 /* ImageFeed */ = {
			isa = PBXNativeTarget;
			buildConfigurationList = BC340B482B489928008780C8 /* Build configuration list for PBXNativeTarget "ImageFeed" */;
			buildPhases = (
				BC340B302B489926008780C8 /* Sources */,
				BC340B312B489926008780C8 /* Frameworks */,
				BC340B322B489926008780C8 /* Resources */,
			);
			buildRules = (
			);
			dependencies = (
			);
			name = ImageFeed;
			packageProductDependencies = (
				BCD7F4D92B8BB7CC00310AA6 /* ProgressHUD */,
				BCB303AF2B926C5300408095 /* Kingfisher */,
				BCA435A72B98F97F00A8C541 /* SwiftKeychainWrapper */,
			);
			productName = ImageFeed;
			productReference = BC340B342B489926008780C8 /* ImageFeed.app */;
			productType = "com.apple.product-type.application";
		};
		BCAC5D7C2BB1F81F00E1401A /* ImageFeedTests */ = {
			isa = PBXNativeTarget;
			buildConfigurationList = BCAC5D832BB1F81F00E1401A /* Build configuration list for PBXNativeTarget "ImageFeedTests" */;
			buildPhases = (
				BCAC5D792BB1F81F00E1401A /* Sources */,
				BCAC5D7A2BB1F81F00E1401A /* Frameworks */,
				BCAC5D7B2BB1F81F00E1401A /* Resources */,
			);
			buildRules = (
			);
			dependencies = (
				BCAC5D822BB1F81F00E1401A /* PBXTargetDependency */,
			);
			name = ImageFeedTests;
			productName = ImageFeedTests;
			productReference = BCAC5D7D2BB1F81F00E1401A /* ImageFeedTests.xctest */;
			productType = "com.apple.product-type.bundle.unit-test";
		};
/* End PBXNativeTarget section */

/* Begin PBXProject section */
		BC340B2C2B489926008780C8 /* Project object */ = {
			isa = PBXProject;
			attributes = {
				BuildIndependentTargetsInParallel = 1;
				LastSwiftUpdateCheck = 1520;
				LastUpgradeCheck = 1510;
				TargetAttributes = {
					BC340B332B489926008780C8 = {
						CreatedOnToolsVersion = 15.1;
					};
					BCAC5D7C2BB1F81F00E1401A = {
						CreatedOnToolsVersion = 15.2;
						TestTargetID = BC340B332B489926008780C8;
					};
				};
			};
			buildConfigurationList = BC340B2F2B489926008780C8 /* Build configuration list for PBXProject "ImageFeed" */;
			compatibilityVersion = "Xcode 14.0";
			developmentRegion = en;
			hasScannedForEncodings = 0;
			knownRegions = (
				en,
				Base,
			);
			mainGroup = BC340B2B2B489926008780C8;
			packageReferences = (
				BCD7F4D82B8BB7CC00310AA6 /* XCRemoteSwiftPackageReference "ProgressHUD" */,
				BCB303AE2B926C5200408095 /* XCRemoteSwiftPackageReference "Kingfisher" */,
				BCA435A62B98F97F00A8C541 /* XCRemoteSwiftPackageReference "SwiftKeychainWrapper" */,
			);
			productRefGroup = BC340B352B489926008780C8 /* Products */;
			projectDirPath = "";
			projectRoot = "";
			targets = (
				BC340B332B489926008780C8 /* ImageFeed */,
				BCAC5D7C2BB1F81F00E1401A /* ImageFeedTests */,
			);
		};
/* End PBXProject section */

/* Begin PBXResourcesBuildPhase section */
		BC340B322B489926008780C8 /* Resources */ = {
			isa = PBXResourcesBuildPhase;
			buildActionMask = 2147483647;
			files = (
				BC340B442B489928008780C8 /* LaunchScreen.storyboard in Resources */,
				BC340B412B489928008780C8 /* Assets.xcassets in Resources */,
				BC340B3F2B489926008780C8 /* Main.storyboard in Resources */,
			);
			runOnlyForDeploymentPostprocessing = 0;
		};
		BCAC5D7B2BB1F81F00E1401A /* Resources */ = {
			isa = PBXResourcesBuildPhase;
			buildActionMask = 2147483647;
			files = (
			);
			runOnlyForDeploymentPostprocessing = 0;
		};
/* End PBXResourcesBuildPhase section */

/* Begin PBXSourcesBuildPhase section */
		BC340B302B489926008780C8 /* Sources */ = {
			isa = PBXSourcesBuildPhase;
			buildActionMask = 2147483647;
			files = (
				BC340B3C2B489926008780C8 /* ImagesListViewController.swift in Sources */,
				BCAE633B2B911C3800C5B12E /* ProfileService.swift in Sources */,
				BC35353A2BA42E2F00D3567F /* ImagesListCellDelegate.swift in Sources */,
				BCAE633F2B91448A00C5B12E /* Profile.swift in Sources */,
				BC338A2A2BA01925007BC50C /* Photo.swift in Sources */,
				BC87DE6E2B8379EC00AC8C19 /* OAuth2Service.swift in Sources */,
				BCA435AB2B991BCF00A8C541 /* TabBarController.swift in Sources */,
				BCE232C82B57BEE30006483E /* ImagesListCell.swift in Sources */,
				BC323E522B5F919100F034EA /* ProfileViewController.swift in Sources */,
				BC4393CF2B83E22A00AD96F5 /* SplashViewController.swift in Sources */,
				BCAE63432B915F9B00C5B12E /* AlertModel.swift in Sources */,
				BC87DE6B2B83765A00AC8C19 /* OAuthTokenResponseBody.swift in Sources */,
				BCAE633D2B91439E00C5B12E /* ProfileResult.swift in Sources */,
				BC83046A2BB2250000CE817B /* ProfileProtocols.swift in Sources */,
				BCB303AD2B92113A00408095 /* UserResult.swift in Sources */,
				BCCAB5482BAE0DD400EC015C /* AuthProtocols.swift in Sources */,
				BC338A242BA004E4007BC50C /* ImagesListService.swift in Sources */,
				BC340B382B489926008780C8 /* AppDelegate.swift in Sources */,
				BCA6475D2B8E8225003E21BC /* UIBlockingProgressHUD.swift in Sources */,
				BCDFF33E2B762CFD00B99B7D /* AuthViewController.swift in Sources */,
				BC0CD9AC2B73E11F00252F81 /* AuthConfiguration.swift in Sources */,
				BCB303AB2B9210F100408095 /* ProfileImageService.swift in Sources */,
				BC35353C2BA4490000D3567F /* SinglePhotoDecoder.swift in Sources */,
				BC2FD1A62B62BC4800EB39BA /* SingleImageViewController.swift in Sources */,
				BC83046D2BB225AC00CE817B /* ProfilePresenter.swift in Sources */,
				BCAE63412B915E1E00C5B12E /* AlertPresenter.swift in Sources */,
				BCCAB54A2BAE0E0000EC015C /* WebViewPresenter.swift in Sources */,
				BC35353E2BA47E7E00D3567F /* ProfileLogoutService.swift in Sources */,
				BCB43F052BA74D7A0006D47C /* DateFormatManager.swift in Sources */,
				BC338A282BA00BA1007BC50C /* PhotoResult.swift in Sources */,
				BC1223CB2B77A47A0084F702 /* WebViewViewController.swift in Sources */,
				BC76432E2BB1B014007A9C31 /* AuthHelper.swift in Sources */,
				BC87DE702B8386E100AC8C19 /* OAuth2TokenStorage.swift in Sources */,
				BC340B3A2B489926008780C8 /* SceneDelegate.swift in Sources */,
			);
			runOnlyForDeploymentPostprocessing = 0;
		};
		BCAC5D792BB1F81F00E1401A /* Sources */ = {
			isa = PBXSourcesBuildPhase;
			buildActionMask = 2147483647;
			files = (
				BCAC5D802BB1F81F00E1401A /* WebViewTests.swift in Sources */,
			);
			runOnlyForDeploymentPostprocessing = 0;
		};
/* End PBXSourcesBuildPhase section */

/* Begin PBXTargetDependency section */
		BCAC5D822BB1F81F00E1401A /* PBXTargetDependency */ = {
			isa = PBXTargetDependency;
			target = BC340B332B489926008780C8 /* ImageFeed */;
			targetProxy = BCAC5D812BB1F81F00E1401A /* PBXContainerItemProxy */;
		};
/* End PBXTargetDependency section */

/* Begin PBXVariantGroup section */
		BC340B3D2B489926008780C8 /* Main.storyboard */ = {
			isa = PBXVariantGroup;
			children = (
				BC340B3E2B489926008780C8 /* Base */,
			);
			name = Main.storyboard;
			sourceTree = "<group>";
		};
		BC340B422B489928008780C8 /* LaunchScreen.storyboard */ = {
			isa = PBXVariantGroup;
			children = (
				BC340B432B489928008780C8 /* Base */,
			);
			name = LaunchScreen.storyboard;
			sourceTree = "<group>";
		};
/* End PBXVariantGroup section */

/* Begin XCBuildConfiguration section */
		BC340B462B489928008780C8 /* Debug */ = {
			isa = XCBuildConfiguration;
			buildSettings = {
				ALWAYS_SEARCH_USER_PATHS = NO;
				ASSETCATALOG_COMPILER_GENERATE_SWIFT_ASSET_SYMBOL_EXTENSIONS = YES;
				CLANG_ANALYZER_NONNULL = YES;
				CLANG_ANALYZER_NUMBER_OBJECT_CONVERSION = YES_AGGRESSIVE;
				CLANG_CXX_LANGUAGE_STANDARD = "gnu++20";
				CLANG_ENABLE_MODULES = YES;
				CLANG_ENABLE_OBJC_ARC = YES;
				CLANG_ENABLE_OBJC_WEAK = YES;
				CLANG_WARN_BLOCK_CAPTURE_AUTORELEASING = YES;
				CLANG_WARN_BOOL_CONVERSION = YES;
				CLANG_WARN_COMMA = YES;
				CLANG_WARN_CONSTANT_CONVERSION = YES;
				CLANG_WARN_DEPRECATED_OBJC_IMPLEMENTATIONS = YES;
				CLANG_WARN_DIRECT_OBJC_ISA_USAGE = YES_ERROR;
				CLANG_WARN_DOCUMENTATION_COMMENTS = YES;
				CLANG_WARN_EMPTY_BODY = YES;
				CLANG_WARN_ENUM_CONVERSION = YES;
				CLANG_WARN_INFINITE_RECURSION = YES;
				CLANG_WARN_INT_CONVERSION = YES;
				CLANG_WARN_NON_LITERAL_NULL_CONVERSION = YES;
				CLANG_WARN_OBJC_IMPLICIT_RETAIN_SELF = YES;
				CLANG_WARN_OBJC_LITERAL_CONVERSION = YES;
				CLANG_WARN_OBJC_ROOT_CLASS = YES_ERROR;
				CLANG_WARN_QUOTED_INCLUDE_IN_FRAMEWORK_HEADER = YES;
				CLANG_WARN_RANGE_LOOP_ANALYSIS = YES;
				CLANG_WARN_STRICT_PROTOTYPES = YES;
				CLANG_WARN_SUSPICIOUS_MOVE = YES;
				CLANG_WARN_UNGUARDED_AVAILABILITY = YES_AGGRESSIVE;
				CLANG_WARN_UNREACHABLE_CODE = YES;
				CLANG_WARN__DUPLICATE_METHOD_MATCH = YES;
				COPY_PHASE_STRIP = NO;
				DEBUG_INFORMATION_FORMAT = dwarf;
				ENABLE_STRICT_OBJC_MSGSEND = YES;
				ENABLE_TESTABILITY = YES;
				ENABLE_USER_SCRIPT_SANDBOXING = YES;
				GCC_C_LANGUAGE_STANDARD = gnu17;
				GCC_DYNAMIC_NO_PIC = NO;
				GCC_NO_COMMON_BLOCKS = YES;
				GCC_OPTIMIZATION_LEVEL = 0;
				GCC_PREPROCESSOR_DEFINITIONS = (
					"DEBUG=1",
					"$(inherited)",
				);
				GCC_WARN_64_TO_32_BIT_CONVERSION = YES;
				GCC_WARN_ABOUT_RETURN_TYPE = YES_ERROR;
				GCC_WARN_UNDECLARED_SELECTOR = YES;
				GCC_WARN_UNINITIALIZED_AUTOS = YES_AGGRESSIVE;
				GCC_WARN_UNUSED_FUNCTION = YES;
				GCC_WARN_UNUSED_VARIABLE = YES;
				IPHONEOS_DEPLOYMENT_TARGET = 13.0;
				LOCALIZATION_PREFERS_STRING_CATALOGS = YES;
				MTL_ENABLE_DEBUG_INFO = INCLUDE_SOURCE;
				MTL_FAST_MATH = YES;
				ONLY_ACTIVE_ARCH = YES;
				SDKROOT = iphoneos;
				SWIFT_ACTIVE_COMPILATION_CONDITIONS = "DEBUG $(inherited)";
				SWIFT_OPTIMIZATION_LEVEL = "-Onone";
			};
			name = Debug;
		};
		BC340B472B489928008780C8 /* Release */ = {
			isa = XCBuildConfiguration;
			buildSettings = {
				ALWAYS_SEARCH_USER_PATHS = NO;
				ASSETCATALOG_COMPILER_GENERATE_SWIFT_ASSET_SYMBOL_EXTENSIONS = YES;
				CLANG_ANALYZER_NONNULL = YES;
				CLANG_ANALYZER_NUMBER_OBJECT_CONVERSION = YES_AGGRESSIVE;
				CLANG_CXX_LANGUAGE_STANDARD = "gnu++20";
				CLANG_ENABLE_MODULES = YES;
				CLANG_ENABLE_OBJC_ARC = YES;
				CLANG_ENABLE_OBJC_WEAK = YES;
				CLANG_WARN_BLOCK_CAPTURE_AUTORELEASING = YES;
				CLANG_WARN_BOOL_CONVERSION = YES;
				CLANG_WARN_COMMA = YES;
				CLANG_WARN_CONSTANT_CONVERSION = YES;
				CLANG_WARN_DEPRECATED_OBJC_IMPLEMENTATIONS = YES;
				CLANG_WARN_DIRECT_OBJC_ISA_USAGE = YES_ERROR;
				CLANG_WARN_DOCUMENTATION_COMMENTS = YES;
				CLANG_WARN_EMPTY_BODY = YES;
				CLANG_WARN_ENUM_CONVERSION = YES;
				CLANG_WARN_INFINITE_RECURSION = YES;
				CLANG_WARN_INT_CONVERSION = YES;
				CLANG_WARN_NON_LITERAL_NULL_CONVERSION = YES;
				CLANG_WARN_OBJC_IMPLICIT_RETAIN_SELF = YES;
				CLANG_WARN_OBJC_LITERAL_CONVERSION = YES;
				CLANG_WARN_OBJC_ROOT_CLASS = YES_ERROR;
				CLANG_WARN_QUOTED_INCLUDE_IN_FRAMEWORK_HEADER = YES;
				CLANG_WARN_RANGE_LOOP_ANALYSIS = YES;
				CLANG_WARN_STRICT_PROTOTYPES = YES;
				CLANG_WARN_SUSPICIOUS_MOVE = YES;
				CLANG_WARN_UNGUARDED_AVAILABILITY = YES_AGGRESSIVE;
				CLANG_WARN_UNREACHABLE_CODE = YES;
				CLANG_WARN__DUPLICATE_METHOD_MATCH = YES;
				COPY_PHASE_STRIP = NO;
				DEBUG_INFORMATION_FORMAT = "dwarf-with-dsym";
				ENABLE_NS_ASSERTIONS = NO;
				ENABLE_STRICT_OBJC_MSGSEND = YES;
				ENABLE_USER_SCRIPT_SANDBOXING = YES;
				GCC_C_LANGUAGE_STANDARD = gnu17;
				GCC_NO_COMMON_BLOCKS = YES;
				GCC_WARN_64_TO_32_BIT_CONVERSION = YES;
				GCC_WARN_ABOUT_RETURN_TYPE = YES_ERROR;
				GCC_WARN_UNDECLARED_SELECTOR = YES;
				GCC_WARN_UNINITIALIZED_AUTOS = YES_AGGRESSIVE;
				GCC_WARN_UNUSED_FUNCTION = YES;
				GCC_WARN_UNUSED_VARIABLE = YES;
				IPHONEOS_DEPLOYMENT_TARGET = 13.0;
				LOCALIZATION_PREFERS_STRING_CATALOGS = YES;
				MTL_ENABLE_DEBUG_INFO = NO;
				MTL_FAST_MATH = YES;
				SDKROOT = iphoneos;
				SWIFT_COMPILATION_MODE = wholemodule;
				VALIDATE_PRODUCT = YES;
			};
			name = Release;
		};
		BC340B492B489928008780C8 /* Debug */ = {
			isa = XCBuildConfiguration;
			buildSettings = {
				ASSETCATALOG_COMPILER_APPICON_NAME = AppIcon;
				ASSETCATALOG_COMPILER_GLOBAL_ACCENT_COLOR_NAME = AccentColor;
				CODE_SIGN_STYLE = Automatic;
				CURRENT_PROJECT_VERSION = 1;
				DEVELOPMENT_TEAM = 8V4HQNY692;
				GENERATE_INFOPLIST_FILE = YES;
				INFOPLIST_FILE = ImageFeed/Info.plist;
				INFOPLIST_KEY_UIApplicationSupportsIndirectInputEvents = YES;
				INFOPLIST_KEY_UILaunchStoryboardName = LaunchScreen;
				INFOPLIST_KEY_UIMainStoryboardFile = Main;
				INFOPLIST_KEY_UISupportedInterfaceOrientations_iPad = "UIInterfaceOrientationPortrait UIInterfaceOrientationPortraitUpsideDown UIInterfaceOrientationLandscapeLeft UIInterfaceOrientationLandscapeRight";
				INFOPLIST_KEY_UISupportedInterfaceOrientations_iPhone = UIInterfaceOrientationPortrait;
				IPHONEOS_DEPLOYMENT_TARGET = 13.0;
				LD_RUNPATH_SEARCH_PATHS = (
					"$(inherited)",
					"@executable_path/Frameworks",
				);
				MARKETING_VERSION = 1.0;
				PRODUCT_BUNDLE_IDENTIFIER = ru.yandex.practicum.ImageFeed;
				PRODUCT_NAME = "$(TARGET_NAME)";
				SUPPORTED_PLATFORMS = "iphoneos iphonesimulator";
				SUPPORTS_MACCATALYST = NO;
				SUPPORTS_XR_DESIGNED_FOR_IPHONE_IPAD = NO;
				SWIFT_EMIT_LOC_STRINGS = YES;
				SWIFT_VERSION = 5.0;
				TARGETED_DEVICE_FAMILY = 1;
			};
			name = Debug;
		};
		BC340B4A2B489928008780C8 /* Release */ = {
			isa = XCBuildConfiguration;
			buildSettings = {
				ASSETCATALOG_COMPILER_APPICON_NAME = AppIcon;
				ASSETCATALOG_COMPILER_GLOBAL_ACCENT_COLOR_NAME = AccentColor;
				CODE_SIGN_STYLE = Automatic;
				CURRENT_PROJECT_VERSION = 1;
				DEVELOPMENT_TEAM = 8V4HQNY692;
				GENERATE_INFOPLIST_FILE = YES;
				INFOPLIST_FILE = ImageFeed/Info.plist;
				INFOPLIST_KEY_UIApplicationSupportsIndirectInputEvents = YES;
				INFOPLIST_KEY_UILaunchStoryboardName = LaunchScreen;
				INFOPLIST_KEY_UIMainStoryboardFile = Main;
				INFOPLIST_KEY_UISupportedInterfaceOrientations_iPad = "UIInterfaceOrientationPortrait UIInterfaceOrientationPortraitUpsideDown UIInterfaceOrientationLandscapeLeft UIInterfaceOrientationLandscapeRight";
				INFOPLIST_KEY_UISupportedInterfaceOrientations_iPhone = UIInterfaceOrientationPortrait;
				IPHONEOS_DEPLOYMENT_TARGET = 13.0;
				LD_RUNPATH_SEARCH_PATHS = (
					"$(inherited)",
					"@executable_path/Frameworks",
				);
				MARKETING_VERSION = 1.0;
				PRODUCT_BUNDLE_IDENTIFIER = ru.yandex.practicum.ImageFeed;
				PRODUCT_NAME = "$(TARGET_NAME)";
				SUPPORTED_PLATFORMS = "iphoneos iphonesimulator";
				SUPPORTS_MACCATALYST = NO;
				SUPPORTS_XR_DESIGNED_FOR_IPHONE_IPAD = NO;
				SWIFT_EMIT_LOC_STRINGS = YES;
				SWIFT_VERSION = 5.0;
				TARGETED_DEVICE_FAMILY = 1;
			};
			name = Release;
		};
		BCAC5D842BB1F81F00E1401A /* Debug */ = {
			isa = XCBuildConfiguration;
			buildSettings = {
				BUNDLE_LOADER = "$(TEST_HOST)";
				CODE_SIGN_STYLE = Automatic;
				CURRENT_PROJECT_VERSION = 1;
				DEVELOPMENT_TEAM = 8V4HQNY692;
				GENERATE_INFOPLIST_FILE = YES;
				IPHONEOS_DEPLOYMENT_TARGET = 17.2;
				MARKETING_VERSION = 1.0;
				PRODUCT_BUNDLE_IDENTIFIER = "ru.practicum.Image-Feed.ImageFeedTests";
				PRODUCT_NAME = "$(TARGET_NAME)";
				SWIFT_EMIT_LOC_STRINGS = NO;
				SWIFT_VERSION = 5.0;
				TARGETED_DEVICE_FAMILY = "1,2";
				TEST_HOST = "$(BUILT_PRODUCTS_DIR)/ImageFeed.app/$(BUNDLE_EXECUTABLE_FOLDER_PATH)/ImageFeed";
			};
			name = Debug;
		};
		BCAC5D852BB1F81F00E1401A /* Release */ = {
			isa = XCBuildConfiguration;
			buildSettings = {
				BUNDLE_LOADER = "$(TEST_HOST)";
				CODE_SIGN_STYLE = Automatic;
				CURRENT_PROJECT_VERSION = 1;
				DEVELOPMENT_TEAM = 8V4HQNY692;
				GENERATE_INFOPLIST_FILE = YES;
				IPHONEOS_DEPLOYMENT_TARGET = 17.2;
				MARKETING_VERSION = 1.0;
				PRODUCT_BUNDLE_IDENTIFIER = "ru.practicum.Image-Feed.ImageFeedTests";
				PRODUCT_NAME = "$(TARGET_NAME)";
				SWIFT_EMIT_LOC_STRINGS = NO;
				SWIFT_VERSION = 5.0;
				TARGETED_DEVICE_FAMILY = "1,2";
				TEST_HOST = "$(BUILT_PRODUCTS_DIR)/ImageFeed.app/$(BUNDLE_EXECUTABLE_FOLDER_PATH)/ImageFeed";
			};
			name = Release;
		};
/* End XCBuildConfiguration section */

/* Begin XCConfigurationList section */
		BC340B2F2B489926008780C8 /* Build configuration list for PBXProject "ImageFeed" */ = {
			isa = XCConfigurationList;
			buildConfigurations = (
				BC340B462B489928008780C8 /* Debug */,
				BC340B472B489928008780C8 /* Release */,
			);
			defaultConfigurationIsVisible = 0;
			defaultConfigurationName = Release;
		};
		BC340B482B489928008780C8 /* Build configuration list for PBXNativeTarget "ImageFeed" */ = {
			isa = XCConfigurationList;
			buildConfigurations = (
				BC340B492B489928008780C8 /* Debug */,
				BC340B4A2B489928008780C8 /* Release */,
			);
			defaultConfigurationIsVisible = 0;
			defaultConfigurationName = Release;
		};
		BCAC5D832BB1F81F00E1401A /* Build configuration list for PBXNativeTarget "ImageFeedTests" */ = {
			isa = XCConfigurationList;
			buildConfigurations = (
				BCAC5D842BB1F81F00E1401A /* Debug */,
				BCAC5D852BB1F81F00E1401A /* Release */,
			);
			defaultConfigurationIsVisible = 0;
			defaultConfigurationName = Release;
		};
/* End XCConfigurationList section */

/* Begin XCRemoteSwiftPackageReference section */
		BCA435A62B98F97F00A8C541 /* XCRemoteSwiftPackageReference "SwiftKeychainWrapper" */ = {
			isa = XCRemoteSwiftPackageReference;
			repositoryURL = "https://github.com/jrendel/SwiftKeychainWrapper";
			requirement = {
				kind = upToNextMajorVersion;
				minimumVersion = 4.0.1;
			};
		};
		BCB303AE2B926C5200408095 /* XCRemoteSwiftPackageReference "Kingfisher" */ = {
			isa = XCRemoteSwiftPackageReference;
			repositoryURL = "https://github.com/onevcat/Kingfisher";
			requirement = {
				kind = upToNextMajorVersion;
				minimumVersion = 7.11.0;
			};
		};
		BCD7F4D82B8BB7CC00310AA6 /* XCRemoteSwiftPackageReference "ProgressHUD" */ = {
			isa = XCRemoteSwiftPackageReference;
			repositoryURL = "https://github.com/relatedcode/ProgressHUD";
			requirement = {
				kind = upToNextMajorVersion;
				minimumVersion = 14.1.1;
			};
		};
/* End XCRemoteSwiftPackageReference section */

/* Begin XCSwiftPackageProductDependency section */
		BCA435A72B98F97F00A8C541 /* SwiftKeychainWrapper */ = {
			isa = XCSwiftPackageProductDependency;
			package = BCA435A62B98F97F00A8C541 /* XCRemoteSwiftPackageReference "SwiftKeychainWrapper" */;
			productName = SwiftKeychainWrapper;
		};
		BCB303AF2B926C5300408095 /* Kingfisher */ = {
			isa = XCSwiftPackageProductDependency;
			package = BCB303AE2B926C5200408095 /* XCRemoteSwiftPackageReference "Kingfisher" */;
			productName = Kingfisher;
		};
		BCD7F4D92B8BB7CC00310AA6 /* ProgressHUD */ = {
			isa = XCSwiftPackageProductDependency;
			package = BCD7F4D82B8BB7CC00310AA6 /* XCRemoteSwiftPackageReference "ProgressHUD" */;
			productName = ProgressHUD;
		};
/* End XCSwiftPackageProductDependency section */
	};
	rootObject = BC340B2C2B489926008780C8 /* Project object */;
}
